
Microsoft Visual Studio Solution File, Format Version 12.00
Project("{FAE04EC0-301F-11D3-BF4B-00C04F79EFBC}") = "TicketFlow.Api", "TicketFlow.Api\TicketFlow.Api.csproj", "{8A338D4B-E4DD-4C23-9540-14A481908F66}"
EndProject
Project("{2150E333-8FDC-42A3-9474-1A3956D46DE8}") = "Solution Items", "Solution Items", "{77462608-F29E-4E6A-8F21-55796250DEF0}"
	ProjectSection(SolutionItems) = preProject
		compose.yaml = compose.yaml
	EndProjectSection
EndProject
Global
	GlobalSection(SolutionConfigurationPlatforms) = preSolution
		Debug|Any CPU = Debug|Any CPU
		Release|Any CPU = Release|Any CPU
	EndGlobalSection
	GlobalSection(ProjectConfigurationPlatforms) = postSolution
		{8A338D4B-E4DD-4C23-9540-14A481908F66}.Debug|Any CPU.ActiveCfg = Debug|Any CPU
		{8A338D4B-E4DD-4C23-9540-14A481908F66}.Debug|Any CPU.Build.0 = Debug|Any CPU
		{8A338D4B-E4DD-4C23-9540-14A481908F66}.Release|Any CPU.ActiveCfg = Release|Any CPU
		{8A338D4B-E4DD-4C23-9540-14A481908F66}.Release|Any CPU.Build.0 = Release|Any CPU
	EndGlobalSection
EndGlobal
